
Microsoft Visual Studio Solution File, Format Version 12.00
# Visual Studio 14
VisualStudioVersion = 14.0.25123.0
MinimumVisualStudioVersion = 10.0.40219.1
Project("{FAE04EC0-301F-11D3-BF4B-00C04F79EFBC}") = "SexyVR", "SexyVR\SexyVR.csproj", "{06AF5AC0-92B8-43C3-99FA-7D5B05F22F0C}"
	ProjectSection(ProjectDependencies) = postProject
		{8FE87229-42A4-4CB0-846A-7A2726569B17} = {8FE87229-42A4-4CB0-846A-7A2726569B17}
	EndProjectSection
EndProject
Project("{FAE04EC0-301F-11D3-BF4B-00C04F79EFBC}") = "VRGIN.U46", "VRGIN\VRGIN\VRGIN.U46.csproj", "{8FE87229-42A4-4CB0-846A-7A2726569B17}"
EndProject
Global
	GlobalSection(SolutionConfigurationPlatforms) = preSolution
		Debug|Any CPU = Debug|Any CPU
		Install|Any CPU = Install|Any CPU
		Release|Any CPU = Release|Any CPU
	EndGlobalSection
	GlobalSection(ProjectConfigurationPlatforms) = postSolution
		{06AF5AC0-92B8-43C3-99FA-7D5B05F22F0C}.Debug|Any CPU.ActiveCfg = Debug|Any CPU
		{06AF5AC0-92B8-43C3-99FA-7D5B05F22F0C}.Debug|Any CPU.Build.0 = Debug|Any CPU
		{06AF5AC0-92B8-43C3-99FA-7D5B05F22F0C}.Install|Any CPU.ActiveCfg = Install|Any CPU
		{06AF5AC0-92B8-43C3-99FA-7D5B05F22F0C}.Install|Any CPU.Build.0 = Install|Any CPU
		{06AF5AC0-92B8-43C3-99FA-7D5B05F22F0C}.Release|Any CPU.ActiveCfg = Release|Any CPU
		{06AF5AC0-92B8-43C3-99FA-7D5B05F22F0C}.Release|Any CPU.Build.0 = Release|Any CPU
		{8FE87229-42A4-4CB0-846A-7A2726569B17}.Debug|Any CPU.ActiveCfg = Debug|Any CPU
		{8FE87229-42A4-4CB0-846A-7A2726569B17}.Debug|Any CPU.Build.0 = Debug|Any CPU
		{8FE87229-42A4-4CB0-846A-7A2726569B17}.Install|Any CPU.ActiveCfg = Debug|Any CPU
		{8FE87229-42A4-4CB0-846A-7A2726569B17}.Install|Any CPU.Build.0 = Debug|Any CPU
		{8FE87229-42A4-4CB0-846A-7A2726569B17}.Release|Any CPU.ActiveCfg = Release|Any CPU
		{8FE87229-42A4-4CB0-846A-7A2726569B17}.Release|Any CPU.Build.0 = Release|Any CPU
	EndGlobalSection
	GlobalSection(SolutionProperties) = preSolution
		HideSolutionNode = FALSE
	EndGlobalSection
EndGlobal
